Microsoft Visual Studio Solution File, Format Version 12.00
# Visual Studio Version 17
VisualStudioVersion = 17.5.2.0
MinimumVisualStudioVersion = 10.0.40219.1
Project("{2150E333-8FDC-42A3-9474-1A3956D46DE8}") = "tests", "tests", "{0AB3BF05-4346-4AA6-1389-037BE0695223}"
EndProject
Project("{FAE04EC0-301F-11D3-BF4B-00C04F79EFBC}") = "Medix.API.Tests.Unit", "tests\Medix.API.Tests.Unit\Medix.API.Tests.Unit.csproj", "{B566069E-C6BC-9298-F25B-94A3DC6A591F}"
EndProject
Global
	GlobalSection(SolutionConfigurationPlatforms) = preSolution
		Debug|Any CPU = Debug|Any CPU
		Release|Any CPU = Release|Any CPU
	EndGlobalSection
	GlobalSection(ProjectConfigurationPlatforms) = postSolution
		{B566069E-C6BC-9298-F25B-94A3DC6A591F}.Debug|Any CPU.ActiveCfg = Debug|Any CPU
		{B566069E-C6BC-9298-F25B-94A3DC6A591F}.Debug|Any CPU.Build.0 = Debug|Any CPU
		{B566069E-C6BC-9298-F25B-94A3DC6A591F}.Release|Any CPU.ActiveCfg = Release|Any CPU
		{B566069E-C6BC-9298-F25B-94A3DC6A591F}.Release|Any CPU.Build.0 = Release|Any CPU
	EndGlobalSection
	GlobalSection(SolutionProperties) = preSolution
		HideSolutionNode = FALSE
	EndGlobalSection
	GlobalSection(NestedProjects) = preSolution
		{B566069E-C6BC-9298-F25B-94A3DC6A591F} = {0AB3BF05-4346-4AA6-1389-037BE0695223}
	EndGlobalSection
	GlobalSection(ExtensibilityGlobals) = postSolution
		SolutionGuid = {361C266D-CA96-4FA5-9890-E33F7D20A12C}
	EndGlobalSection
EndGlobal
